{
  "lockfileVersion": 1,
  "workspaces": {
    "": {
      "name": "jankclient",
      "dependencies": {
        "@fastify/compress": "^8.0.1",
        "@fastify/static": "^8.1.1",
        "@types/node": "^22.14.1",
        "fastify": "^5.3.2",
        "rimraf": "^6.0.1",
      },
      "devDependencies": {
        "@biomejs/biome": "1.9.4",
        "@hcaptcha/types": "^1.0.4",
        "@swc/cli": "^0.7.3",
        "@swc/core": "^1.11.21",
        "eslint": "^9.25.0",
        "typescript": "^5.8.3",
      },
    },
  },
  "packages": {
    "@biomejs/biome": ["@biomejs/biome@1.9.4", "", { "optionalDependencies": { "@biomejs/cli-linux-x64": "1.9.4", "@biomejs/cli-linux-x64-musl": "1.9.4" }, "bin": { "biome": "bin/biome" } }, ""],

    "@biomejs/cli-linux-x64": ["@biomejs/cli-linux-x64@1.9.4", "", { "os": "linux", "cpu": "x64" }, ""],

    "@biomejs/cli-linux-x64-musl": ["@biomejs/cli-linux-x64-musl@1.9.4", "", { "os": "linux", "cpu": "x64" }, ""],

    "@eslint-community/eslint-utils": ["@eslint-community/eslint-utils@4.6.1", "", { "dependencies": { "eslint-visitor-keys": "^3.4.3" }, "peerDependencies": { "eslint": "^6.0.0 || ^7.0.0 || >=8.0.0" } }, "sha512-KTsJMmobmbrFLe3LDh0PC2FXpcSYJt/MLjlkh/9LEnmKYLSYmT/0EW9JWANjeoemiuZrmogti0tW5Ch+qNUYDw=="],

    "@eslint-community/regexpp": ["@eslint-community/regexpp@4.12.1", "", {}, "sha512-CCZCDJuduB9OUkFkY2IgppNZMi2lBQgD2qzwXkEia16cge2pijY/aXi96CJMquDMn3nJdlPV1A5KrJEXwfLNzQ=="],

    "@eslint/config-array": ["@eslint/config-array@0.20.0", "", { "dependencies": { "@eslint/object-schema": "^2.1.6", "debug": "^4.3.1", "minimatch": "^3.1.2" } }, "sha512-fxlS1kkIjx8+vy2SjuCB94q3htSNrufYTXubwiBFeaQHbH6Ipi43gFJq2zCMt6PHhImH3Xmr0NksKDvchWlpQQ=="],

    "@eslint/config-helpers": ["@eslint/config-helpers@0.2.1", "", {}, "sha512-RI17tsD2frtDu/3dmI7QRrD4bedNKPM08ziRYaC5AhkGrzIAJelm9kJU1TznK+apx6V+cqRz8tfpEeG3oIyjxw=="],

    "@eslint/core": ["@eslint/core@0.13.0", "", { "dependencies": { "@types/json-schema": "^7.0.15" } }, "sha512-yfkgDw1KR66rkT5A8ci4irzDysN7FRpq3ttJolR88OqQikAWqwA8j5VZyas+vjyBNFIJ7MfybJ9plMILI2UrCw=="],

    "@eslint/eslintrc": ["@eslint/eslintrc@3.3.1", "", { "dependencies": { "ajv": "^6.12.4", "debug": "^4.3.2", "espree": "^10.0.1", "globals": "^14.0.0", "ignore": "^5.2.0", "import-fresh": "^3.2.1", "js-yaml": "^4.1.0", "minimatch": "^3.1.2", "strip-json-comments": "^3.1.1" } }, "sha512-gtF186CXhIl1p4pJNGZw8Yc6RlshoePRvE0X91oPGb3vZ8pM3qOS9W9NGPat9LziaBV7XrJWGylNQXkGcnM3IQ=="],

    "@eslint/js": ["@eslint/js@9.25.0", "", {}, "sha512-iWhsUS8Wgxz9AXNfvfOPFSW4VfMXdVhp1hjkZVhXCrpgh/aLcc45rX6MPu+tIVUWDw0HfNwth7O28M1xDxNf9w=="],

    "@eslint/object-schema": ["@eslint/object-schema@2.1.6", "", {}, "sha512-RBMg5FRL0I0gs51M/guSAj5/e14VQ4tpZnQNWwuDT66P14I43ItmPfIZRhO9fUVIPOAQXU47atlywZ/czoqFPA=="],

    "@eslint/plugin-kit": ["@eslint/plugin-kit@0.2.8", "", { "dependencies": { "@eslint/core": "^0.13.0", "levn": "^0.4.1" } }, "sha512-ZAoA40rNMPwSm+AeHpCq8STiNAwzWLJuP8Xv4CHIc9wv/PSuExjMrmjfYNj682vW0OOiZ1HKxzvjQr9XZIisQA=="],

    "@fastify/accept-negotiator": ["@fastify/accept-negotiator@2.0.1", "", {}, ""],

    "@fastify/ajv-compiler": ["@fastify/ajv-compiler@4.0.2", "", { "dependencies": { "ajv": "^8.12.0", "ajv-formats": "^3.0.1", "fast-uri": "^3.0.0" } }, ""],

    "@fastify/compress": ["@fastify/compress@8.0.1", "", { "dependencies": { "@fastify/accept-negotiator": "^2.0.0", "fastify-plugin": "^5.0.0", "mime-db": "^1.52.0", "minipass": "^7.0.4", "peek-stream": "^1.1.3", "pump": "^3.0.0", "pumpify": "^2.0.1", "readable-stream": "^4.5.2" } }, ""],

    "@fastify/error": ["@fastify/error@4.1.0", "", {}, ""],

    "@fastify/fast-json-stringify-compiler": ["@fastify/fast-json-stringify-compiler@5.0.3", "", { "dependencies": { "fast-json-stringify": "^6.0.0" } }, ""],

    "@fastify/forwarded": ["@fastify/forwarded@3.0.0", "", {}, ""],

    "@fastify/merge-json-schemas": ["@fastify/merge-json-schemas@0.2.1", "", { "dependencies": { "dequal": "^2.0.3" } }, ""],

    "@fastify/proxy-addr": ["@fastify/proxy-addr@5.0.0", "", { "dependencies": { "@fastify/forwarded": "^3.0.0", "ipaddr.js": "^2.1.0" } }, ""],

    "@fastify/send": ["@fastify/send@3.3.1", "", { "dependencies": { "@lukeed/ms": "^2.0.2", "escape-html": "~1.0.3", "fast-decode-uri-component": "^1.0.1", "http-errors": "^2.0.0", "mime": "^3" } }, ""],

    "@fastify/static": ["@fastify/static@8.1.1", "", { "dependencies": { "@fastify/accept-negotiator": "^2.0.0", "@fastify/send": "^3.2.0", "content-disposition": "^0.5.4", "fastify-plugin": "^5.0.0", "fastq": "^1.17.1", "glob": "^11.0.0" } }, ""],

    "@hcaptcha/types": ["@hcaptcha/types@1.0.4", "", {}, ""],

    "@humanfs/core": ["@humanfs/core@0.19.1", "", {}, "sha512-5DyQ4+1JEUzejeK1JGICcideyfUbGixgS9jNgex5nqkW+cY7WZhxBigmieN5Qnw9ZosSNVC9KQKyb+GUaGyKUA=="],

    "@humanfs/node": ["@humanfs/node@0.16.6", "", { "dependencies": { "@humanfs/core": "^0.19.1", "@humanwhocodes/retry": "^0.3.0" } }, "sha512-YuI2ZHQL78Q5HbhDiBA1X4LmYdXCKCMQIfw0pw7piHJwyREFebJUvrQN4cMssyES6x+vfUbx1CIpaQUKYdQZOw=="],

    "@humanwhocodes/module-importer": ["@humanwhocodes/module-importer@1.0.1", "", {}, "sha512-bxveV4V8v5Yb4ncFTT3rPSgZBOpCkjfK0y4oVVVJwIuDVBRMDXrPyXRL988i5ap9m9bnyEEjWfm5WkBmtffLfA=="],

    "@humanwhocodes/retry": ["@humanwhocodes/retry@0.4.2", "", {}, "sha512-xeO57FpIu4p1Ri3Jq/EXq4ClRm86dVF2z/+kvFnyqVYRavTZmaFaUBbWCOuuTh0o/g7DSsk6kc2vrS4Vl5oPOQ=="],

    "@isaacs/cliui": ["@isaacs/cliui@8.0.2", "", { "dependencies": { "string-width": "^5.1.2", "string-width-cjs": "npm:string-width@^4.2.0", "strip-ansi": "^7.0.1", "strip-ansi-cjs": "npm:strip-ansi@^6.0.1", "wrap-ansi": "^8.1.0", "wrap-ansi-cjs": "npm:wrap-ansi@^7.0.0" } }, ""],

    "@lukeed/ms": ["@lukeed/ms@2.0.2", "", {}, ""],

    "@napi-rs/nice": ["@napi-rs/nice@1.0.1", "", { "optionalDependencies": { "@napi-rs/nice-linux-x64-gnu": "1.0.1", "@napi-rs/nice-linux-x64-musl": "1.0.1" } }, ""],

    "@napi-rs/nice-linux-x64-gnu": ["@napi-rs/nice-linux-x64-gnu@1.0.1", "", { "os": "linux", "cpu": "x64" }, ""],

    "@napi-rs/nice-linux-x64-musl": ["@napi-rs/nice-linux-x64-musl@1.0.1", "", { "os": "linux", "cpu": "x64" }, ""],

    "@nodelib/fs.scandir": ["@nodelib/fs.scandir@2.1.5", "", { "dependencies": { "@nodelib/fs.stat": "2.0.5", "run-parallel": "^1.1.9" } }, ""],

    "@nodelib/fs.stat": ["@nodelib/fs.stat@2.0.5", "", {}, ""],

    "@nodelib/fs.walk": ["@nodelib/fs.walk@1.2.8", "", { "dependencies": { "@nodelib/fs.scandir": "2.1.5", "fastq": "^1.6.0" } }, ""],

    "@sec-ant/readable-stream": ["@sec-ant/readable-stream@0.4.1", "", {}, ""],

    "@sindresorhus/is": ["@sindresorhus/is@5.6.0", "", {}, ""],

    "@swc/cli": ["@swc/cli@0.7.3", "", { "dependencies": { "@swc/counter": "^0.1.3", "@xhmikosr/bin-wrapper": "^13.0.5", "commander": "^8.3.0", "fast-glob": "^3.2.5", "minimatch": "^9.0.3", "piscina": "^4.3.1", "semver": "^7.3.8", "slash": "3.0.0", "source-map": "^0.7.3" }, "peerDependencies": { "@swc/core": "^1.2.66", "chokidar": "^4.0.1" }, "optionalPeers": ["chokidar"], "bin": { "swc": "bin/swc.js", "swcx": "bin/swcx.js", "spack": "bin/spack.js" } }, "sha512-rnVXNnlURjdOuPaBIwZ3TmBA44BF/eP0j154LanlgPEYfau74ige7cpKlKkZr1IBqMOG99lAnYNxQipDWA3hdg=="],

    "@swc/core": ["@swc/core@1.11.21", "", { "dependencies": { "@swc/counter": "^0.1.3", "@swc/types": "^0.1.21" }, "optionalDependencies": { "@swc/core-linux-x64-gnu": "1.11.21", "@swc/core-linux-x64-musl": "1.11.21" }, "peerDependencies": { "@swc/helpers": ">=0.5.17" }, "optionalPeers": ["@swc/helpers"] }, ""],

    "@swc/core-linux-x64-gnu": ["@swc/core-linux-x64-gnu@1.11.21", "", { "os": "linux", "cpu": "x64" }, ""],

    "@swc/core-linux-x64-musl": ["@swc/core-linux-x64-musl@1.11.21", "", { "os": "linux", "cpu": "x64" }, ""],

    "@swc/counter": ["@swc/counter@0.1.3", "", {}, ""],

    "@swc/types": ["@swc/types@0.1.21", "", { "dependencies": { "@swc/counter": "^0.1.3" } }, ""],

    "@szmarczak/http-timer": ["@szmarczak/http-timer@5.0.1", "", { "dependencies": { "defer-to-connect": "^2.0.1" } }, ""],

    "@tokenizer/token": ["@tokenizer/token@0.3.0", "", {}, ""],

    "@types/estree": ["@types/estree@1.0.7", "", {}, "sha512-w28IoSUCJpidD/TGviZwwMJckNESJZXFu7NBZ5YJ4mEUnNraUn9Pm8HSZm/jDF1pDWYKspWE7oVphigUPRakIQ=="],

    "@types/http-cache-semantics": ["@types/http-cache-semantics@4.0.4", "", {}, ""],

    "@types/json-schema": ["@types/json-schema@7.0.15", "", {}, "sha512-5+fP8P8MFNC+AyZCDxrB2pkZFPGzqQWUzpSeuuVLvm8VMcorNYavBqoFcxK8bQz4Qsbn4oUEEem4wDLfcysGHA=="],

    "@types/node": ["@types/node@22.14.1", "", { "dependencies": { "undici-types": "~6.21.0" } }, "sha512-u0HuPQwe/dHrItgHHpmw3N2fYCR6x4ivMNbPHRkBVP4CvN+kiRrKHWk3i8tXiO/joPwXLMYvF9TTF0eqgHIuOw=="],

    "@xhmikosr/archive-type": ["@xhmikosr/archive-type@7.0.0", "", { "dependencies": { "file-type": "^19.0.0" } }, ""],

    "@xhmikosr/bin-check": ["@xhmikosr/bin-check@7.0.3", "", { "dependencies": { "execa": "^5.1.1", "isexe": "^2.0.0" } }, ""],

    "@xhmikosr/bin-wrapper": ["@xhmikosr/bin-wrapper@13.0.5", "", { "dependencies": { "@xhmikosr/bin-check": "^7.0.3", "@xhmikosr/downloader": "^15.0.1", "@xhmikosr/os-filter-obj": "^3.0.0", "bin-version-check": "^5.1.0" } }, ""],

    "@xhmikosr/decompress": ["@xhmikosr/decompress@10.0.1", "", { "dependencies": { "@xhmikosr/decompress-tar": "^8.0.1", "@xhmikosr/decompress-tarbz2": "^8.0.1", "@xhmikosr/decompress-targz": "^8.0.1", "@xhmikosr/decompress-unzip": "^7.0.0", "graceful-fs": "^4.2.11", "make-dir": "^4.0.0", "strip-dirs": "^3.0.0" } }, ""],

    "@xhmikosr/decompress-tar": ["@xhmikosr/decompress-tar@8.0.1", "", { "dependencies": { "file-type": "^19.0.0", "is-stream": "^2.0.1", "tar-stream": "^3.1.7" } }, ""],

    "@xhmikosr/decompress-tarbz2": ["@xhmikosr/decompress-tarbz2@8.0.2", "", { "dependencies": { "@xhmikosr/decompress-tar": "^8.0.1", "file-type": "^19.6.0", "is-stream": "^2.0.1", "seek-bzip": "^2.0.0", "unbzip2-stream": "^1.4.3" } }, ""],

    "@xhmikosr/decompress-targz": ["@xhmikosr/decompress-targz@8.0.1", "", { "dependencies": { "@xhmikosr/decompress-tar": "^8.0.1", "file-type": "^19.0.0", "is-stream": "^2.0.1" } }, ""],

    "@xhmikosr/decompress-unzip": ["@xhmikosr/decompress-unzip@7.0.0", "", { "dependencies": { "file-type": "^19.0.0", "get-stream": "^6.0.1", "yauzl": "^3.1.2" } }, ""],

    "@xhmikosr/downloader": ["@xhmikosr/downloader@15.0.1", "", { "dependencies": { "@xhmikosr/archive-type": "^7.0.0", "@xhmikosr/decompress": "^10.0.1", "content-disposition": "^0.5.4", "defaults": "^3.0.0", "ext-name": "^5.0.0", "file-type": "^19.0.0", "filenamify": "^6.0.0", "get-stream": "^6.0.1", "got": "^13.0.0" } }, ""],

    "@xhmikosr/os-filter-obj": ["@xhmikosr/os-filter-obj@3.0.0", "", { "dependencies": { "arch": "^3.0.0" } }, ""],

    "abort-controller": ["abort-controller@3.0.0", "", { "dependencies": { "event-target-shim": "^5.0.0" } }, ""],

    "abstract-logging": ["abstract-logging@2.0.1", "", {}, ""],

    "acorn": ["acorn@8.14.1", "", { "bin": { "acorn": "bin/acorn" } }, "sha512-OvQ/2pUDKmgfCg++xsTX1wGxfTaszcHVcTctW4UJB4hibJx2HXxxO5UmVgyjMa+ZDsiaf5wWLXYpRWMmBI0QHg=="],

    "acorn-jsx": ["acorn-jsx@5.3.2", "", { "peerDependencies": { "acorn": "^6.0.0 || ^7.0.0 || ^8.0.0" } }, "sha512-rq9s+JNhf0IChjtDXxllJ7g41oZk5SlXtp0LHwyA5cejwn7vKmKp4pPri6YEePv2PU65sAsegbXtIinmDFDXgQ=="],

    "ajv": ["ajv@6.12.6", "", { "dependencies": { "fast-deep-equal": "^3.1.1", "fast-json-stable-stringify": "^2.0.0", "json-schema-traverse": "^0.4.1", "uri-js": "^4.2.2" } }, "sha512-j3fVLgvTo527anyYyJOGTYJbG+vnnQYvE0m5mmkc1TK+nxAppkCLMIL0aZ4dblVCNoGShhm+kzE4ZUykBoMg4g=="],

    "ajv-formats": ["ajv-formats@3.0.1", "", { "dependencies": { "ajv": "^8.0.0" }, "peerDependencies": { "ajv": "^8.0.0" } }, ""],

    "ansi-regex": ["ansi-regex@6.1.0", "", {}, ""],

    "ansi-styles": ["ansi-styles@4.3.0", "", { "dependencies": { "color-convert": "^2.0.1" } }, ""],

    "anymatch": ["anymatch@3.1.3", "", { "dependencies": { "normalize-path": "^3.0.0", "picomatch": "^2.0.4" } }, ""],

    "arch": ["arch@3.0.0", "", {}, ""],

    "argparse": ["argparse@2.0.1", "", {}, "sha512-8+9WqebbFzpX9OR+Wa6O29asIogeRMzcGtAINdpMHHyAg10f05aSFVBbcEqGf/PXw1EjAZ+q2/bEBg3DvurK3Q=="],

    "atomic-sleep": ["atomic-sleep@1.0.0", "", {}, ""],

    "avvio": ["avvio@9.1.0", "", { "dependencies": { "@fastify/error": "^4.0.0", "fastq": "^1.17.1" } }, ""],

    "b4a": ["b4a@1.6.7", "", {}, ""],

    "balanced-match": ["balanced-match@1.0.2", "", {}, ""],

    "bare-events": ["bare-events@2.5.4", "", {}, ""],

    "base64-js": ["base64-js@1.5.1", "", {}, ""],

    "bin-version": ["bin-version@6.0.0", "", { "dependencies": { "execa": "^5.0.0", "find-versions": "^5.0.0" } }, ""],

    "bin-version-check": ["bin-version-check@5.1.0", "", { "dependencies": { "bin-version": "^6.0.0", "semver": "^7.5.3", "semver-truncate": "^3.0.0" } }, ""],

    "binary-extensions": ["binary-extensions@2.3.0", "", {}, ""],

    "brace-expansion": ["brace-expansion@2.0.1", "", { "dependencies": { "balanced-match": "^1.0.0" } }, ""],

    "braces": ["braces@3.0.3", "", { "dependencies": { "fill-range": "^7.1.1" } }, ""],

    "buffer": ["buffer@6.0.3", "", { "dependencies": { "base64-js": "^1.3.1", "ieee754": "^1.2.1" } }, ""],

    "buffer-crc32": ["buffer-crc32@0.2.13", "", {}, ""],

    "buffer-from": ["buffer-from@1.1.2", "", {}, ""],

    "cacheable-lookup": ["cacheable-lookup@7.0.0", "", {}, ""],

    "cacheable-request": ["cacheable-request@10.2.14", "", { "dependencies": { "@types/http-cache-semantics": "^4.0.2", "get-stream": "^6.0.1", "http-cache-semantics": "^4.1.1", "keyv": "^4.5.3", "mimic-response": "^4.0.0", "normalize-url": "^8.0.0", "responselike": "^3.0.0" } }, ""],

    "callsites": ["callsites@3.1.0", "", {}, "sha512-P8BjAsXvZS+VIDUI11hHCQEv74YT67YUi5JJFNWIqL235sBmjX4+qx9Muvls5ivyNENctx46xQLQ3aTuE7ssaQ=="],

    "chalk": ["chalk@4.1.2", "", { "dependencies": { "ansi-styles": "^4.1.0", "supports-color": "^7.1.0" } }, ""],

    "chokidar": ["chokidar@3.6.0", "", { "dependencies": { "anymatch": "~3.1.2", "braces": "~3.0.2", "glob-parent": "~5.1.2", "is-binary-path": "~2.1.0", "is-glob": "~4.0.1", "normalize-path": "~3.0.0", "readdirp": "~3.6.0" } }, ""],

    "color-convert": ["color-convert@2.0.1", "", { "dependencies": { "color-name": "~1.1.4" } }, ""],

    "color-name": ["color-name@1.1.4", "", {}, ""],

    "commander": ["commander@8.3.0", "", {}, ""],

    "concat-map": ["concat-map@0.0.1", "", {}, ""],

    "content-disposition": ["content-disposition@0.5.4", "", { "dependencies": { "safe-buffer": "5.2.1" } }, ""],

    "cookie": ["cookie@1.0.2", "", {}, ""],

    "core-util-is": ["core-util-is@1.0.3", "", {}, ""],

    "cross-spawn": ["cross-spawn@7.0.6", "", { "dependencies": { "path-key": "^3.1.0", "shebang-command": "^2.0.0", "which": "^2.0.1" } }, ""],

    "debug": ["debug@4.4.0", "", { "dependencies": { "ms": "^2.1.3" } }, ""],

    "decompress-response": ["decompress-response@6.0.0", "", { "dependencies": { "mimic-response": "^3.1.0" } }, ""],

    "deep-is": ["deep-is@0.1.4", "", {}, "sha512-oIPzksmTg4/MriiaYGO+okXDT7ztn/w3Eptv/+gSIdMdKsJo0u4CfYNFJPy+4SKMuCqGw2wxnA+URMg3t8a/bQ=="],

    "defaults": ["defaults@3.0.0", "", {}, ""],

    "defer-to-connect": ["defer-to-connect@2.0.1", "", {}, ""],

    "depd": ["depd@2.0.0", "", {}, ""],

    "dequal": ["dequal@2.0.3", "", {}, ""],

    "duplexify": ["duplexify@3.7.1", "", { "dependencies": { "end-of-stream": "^1.0.0", "inherits": "^2.0.1", "readable-stream": "^2.0.0", "stream-shift": "^1.0.0" } }, ""],

    "eastasianwidth": ["eastasianwidth@0.2.0", "", {}, ""],

    "emoji-regex": ["emoji-regex@9.2.2", "", {}, ""],

    "end-of-stream": ["end-of-stream@1.4.4", "", { "dependencies": { "once": "^1.4.0" } }, ""],

    "escape-html": ["escape-html@1.0.3", "", {}, ""],

    "escape-string-regexp": ["escape-string-regexp@4.0.0", "", {}, "sha512-TtpcNJ3XAzx3Gq8sWRzJaVajRs0uVxA2YAkdb1jm2YkPz4G6egUFAyA3n5vtEIZefPk5Wa4UXbKuS5fKkJWdgA=="],

    "eslint": ["eslint@9.25.0", "", { "dependencies": { "@eslint-community/eslint-utils": "^4.2.0", "@eslint-community/regexpp": "^4.12.1", "@eslint/config-array": "^0.20.0", "@eslint/config-helpers": "^0.2.1", "@eslint/core": "^0.13.0", "@eslint/eslintrc": "^3.3.1", "@eslint/js": "9.25.0", "@eslint/plugin-kit": "^0.2.8", "@humanfs/node": "^0.16.6", "@humanwhocodes/module-importer": "^1.0.1", "@humanwhocodes/retry": "^0.4.2", "@types/estree": "^1.0.6", "@types/json-schema": "^7.0.15", "ajv": "^6.12.4", "chalk": "^4.0.0", "cross-spawn": "^7.0.6", "debug": "^4.3.2", "escape-string-regexp": "^4.0.0", "eslint-scope": "^8.3.0", "eslint-visitor-keys": "^4.2.0", "espree": "^10.3.0", "esquery": "^1.5.0", "esutils": "^2.0.2", "fast-deep-equal": "^3.1.3", "file-entry-cache": "^8.0.0", "find-up": "^5.0.0", "glob-parent": "^6.0.2", "ignore": "^5.2.0", "imurmurhash": "^0.1.4", "is-glob": "^4.0.0", "json-stable-stringify-without-jsonify": "^1.0.1", "lodash.merge": "^4.6.2", "minimatch": "^3.1.2", "natural-compare": "^1.4.0", "optionator": "^0.9.3" }, "peerDependencies": { "jiti": "*" }, "optionalPeers": ["jiti"], "bin": { "eslint": "bin/eslint.js" } }, "sha512-MsBdObhM4cEwkzCiraDv7A6txFXEqtNXOb877TsSp2FCkBNl8JfVQrmiuDqC1IkejT6JLPzYBXx/xAiYhyzgGA=="],

    "eslint-scope": ["eslint-scope@8.3.0", "", { "dependencies": { "esrecurse": "^4.3.0", "estraverse": "^5.2.0" } }, "sha512-pUNxi75F8MJ/GdeKtVLSbYg4ZI34J6C0C7sbL4YOp2exGwen7ZsuBqKzUhXd0qMQ362yET3z+uPwKeg/0C2XCQ=="],

    "eslint-visitor-keys": ["eslint-visitor-keys@4.2.0", "", {}, "sha512-UyLnSehNt62FFhSwjZlHmeokpRK59rcz29j+F1/aDgbkbRTk7wIc9XzdoasMUbRNKDM0qQt/+BJ4BrpFeABemw=="],

    "espree": ["espree@10.3.0", "", { "dependencies": { "acorn": "^8.14.0", "acorn-jsx": "^5.3.2", "eslint-visitor-keys": "^4.2.0" } }, "sha512-0QYC8b24HWY8zjRnDTL6RiHfDbAWn63qb4LMj1Z4b076A4une81+z03Kg7l7mn/48PUTqoLptSXez8oknU8Clg=="],

    "esquery": ["esquery@1.6.0", "", { "dependencies": { "estraverse": "^5.1.0" } }, "sha512-ca9pw9fomFcKPvFLXhBKUK90ZvGibiGOvRJNbjljY7s7uq/5YO4BOzcYtJqExdx99rF6aAcnRxHmcUHcz6sQsg=="],

    "esrecurse": ["esrecurse@4.3.0", "", { "dependencies": { "estraverse": "^5.2.0" } }, "sha512-KmfKL3b6G+RXvP8N1vr3Tq1kL/oCFgn2NYXEtqP8/L3pKapUA4G8cFVaoF3SU323CD4XypR/ffioHmkti6/Tag=="],

    "estraverse": ["estraverse@5.3.0", "", {}, "sha512-MMdARuVEQziNTeJD8DgMqmhwR11BRQ/cBP+pLtYdSTnf3MIO8fFeiINEbX36ZdNlfU/7A9f3gUw49B3oQsvwBA=="],

    "esutils": ["esutils@2.0.3", "", {}, "sha512-kVscqXk4OCp68SZ0dkgEKVi6/8ij300KBWTJq32P/dYeWTSwK41WyTxalN1eRmA5Z9UU/LX9D7FWSmV9SAYx6g=="],

    "event-target-shim": ["event-target-shim@5.0.1", "", {}, ""],

    "events": ["events@3.3.0", "", {}, ""],

    "execa": ["execa@5.1.1", "", { "dependencies": { "cross-spawn": "^7.0.3", "get-stream": "^6.0.0", "human-signals": "^2.1.0", "is-stream": "^2.0.0", "merge-stream": "^2.0.0", "npm-run-path": "^4.0.1", "onetime": "^5.1.2", "signal-exit": "^3.0.3", "strip-final-newline": "^2.0.0" } }, ""],

    "ext-list": ["ext-list@2.2.2", "", { "dependencies": { "mime-db": "^1.28.0" } }, ""],

    "ext-name": ["ext-name@5.0.0", "", { "dependencies": { "ext-list": "^2.0.0", "sort-keys-length": "^1.0.0" } }, ""],

    "fast-decode-uri-component": ["fast-decode-uri-component@1.0.1", "", {}, ""],

    "fast-deep-equal": ["fast-deep-equal@3.1.3", "", {}, ""],

    "fast-fifo": ["fast-fifo@1.3.2", "", {}, ""],

    "fast-glob": ["fast-glob@3.3.3", "", { "dependencies": { "@nodelib/fs.stat": "^2.0.2", "@nodelib/fs.walk": "^1.2.3", "glob-parent": "^5.1.2", "merge2": "^1.3.0", "micromatch": "^4.0.8" } }, ""],

    "fast-json-stable-stringify": ["fast-json-stable-stringify@2.1.0", "", {}, "sha512-lhd/wF+Lk98HZoTCtlVraHtfh5XYijIjalXck7saUtuanSDyLMxnHhSXEDJqHxD7msR8D0uCmqlkwjCV8xvwHw=="],

    "fast-json-stringify": ["fast-json-stringify@6.0.1", "", { "dependencies": { "@fastify/merge-json-schemas": "^0.2.0", "ajv": "^8.12.0", "ajv-formats": "^3.0.1", "fast-uri": "^3.0.0", "json-schema-ref-resolver": "^2.0.0", "rfdc": "^1.2.0" } }, ""],

    "fast-levenshtein": ["fast-levenshtein@2.0.6", "", {}, "sha512-DCXu6Ifhqcks7TZKY3Hxp3y6qphY5SJZmrWMDrKcERSOXWQdMhU9Ig/PYrzyw/ul9jOIyh0N4M0tbC5hodg8dw=="],

    "fast-querystring": ["fast-querystring@1.1.2", "", { "dependencies": { "fast-decode-uri-component": "^1.0.1" } }, ""],

    "fast-redact": ["fast-redact@3.5.0", "", {}, ""],

    "fast-uri": ["fast-uri@3.0.6", "", {}, ""],

    "fastify": ["fastify@5.3.2", "", { "dependencies": { "@fastify/ajv-compiler": "^4.0.0", "@fastify/error": "^4.0.0", "@fastify/fast-json-stringify-compiler": "^5.0.0", "@fastify/proxy-addr": "^5.0.0", "abstract-logging": "^2.0.1", "avvio": "^9.0.0", "fast-json-stringify": "^6.0.0", "find-my-way": "^9.0.0", "light-my-request": "^6.0.0", "pino": "^9.0.0", "process-warning": "^5.0.0", "rfdc": "^1.3.1", "secure-json-parse": "^4.0.0", "semver": "^7.6.0", "toad-cache": "^3.7.0" } }, ""],

    "fastify-plugin": ["fastify-plugin@5.0.1", "", {}, ""],

    "fastq": ["fastq@1.19.1", "", { "dependencies": { "reusify": "^1.0.4" } }, ""],

    "file-entry-cache": ["file-entry-cache@8.0.0", "", { "dependencies": { "flat-cache": "^4.0.0" } }, "sha512-XXTUwCvisa5oacNGRP9SfNtYBNAMi+RPwBFmblZEF7N7swHYQS6/Zfk7SRwx4D5j3CH211YNRco1DEMNVfZCnQ=="],

    "file-type": ["file-type@19.6.0", "", { "dependencies": { "get-stream": "^9.0.1", "strtok3": "^9.0.1", "token-types": "^6.0.0", "uint8array-extras": "^1.3.0" } }, ""],

    "filename-reserved-regex": ["filename-reserved-regex@3.0.0", "", {}, ""],

    "filenamify": ["filenamify@6.0.0", "", { "dependencies": { "filename-reserved-regex": "^3.0.0" } }, ""],

    "fill-range": ["fill-range@7.1.1", "", { "dependencies": { "to-regex-range": "^5.0.1" } }, ""],

    "find-my-way": ["find-my-way@9.3.0", "", { "dependencies": { "fast-deep-equal": "^3.1.3", "fast-querystring": "^1.0.0", "safe-regex2": "^5.0.0" } }, ""],

    "find-up": ["find-up@5.0.0", "", { "dependencies": { "locate-path": "^6.0.0", "path-exists": "^4.0.0" } }, "sha512-78/PXT1wlLLDgTzDs7sjq9hzz0vXD+zn+7wypEe4fXQxCmdmqfGsEPQxmiCSQI3ajFV91bVSsvNtrJRiW6nGng=="],

    "find-versions": ["find-versions@5.1.0", "", { "dependencies": { "semver-regex": "^4.0.5" } }, ""],

    "flat-cache": ["flat-cache@4.0.1", "", { "dependencies": { "flatted": "^3.2.9", "keyv": "^4.5.4" } }, "sha512-f7ccFPK3SXFHpx15UIGyRJ/FJQctuKZ0zVuN3frBo4HnK3cay9VEW0R6yPYFHC0AgqhukPzKjq22t5DmAyqGyw=="],

    "flatted": ["flatted@3.3.3", "", {}, "sha512-GX+ysw4PBCz0PzosHDepZGANEuFCMLrnRTiEy9McGjmkCQYwRq4A/X786G/fjM/+OjsWSU1ZrY5qyARZmO/uwg=="],

    "foreground-child": ["foreground-child@3.3.1", "", { "dependencies": { "cross-spawn": "^7.0.6", "signal-exit": "^4.0.1" } }, ""],

    "form-data-encoder": ["form-data-encoder@2.1.4", "", {}, ""],

    "get-stream": ["get-stream@6.0.1", "", {}, ""],

    "glob": ["glob@11.0.1", "", { "dependencies": { "foreground-child": "^3.1.0", "jackspeak": "^4.0.1", "minimatch": "^10.0.0", "minipass": "^7.1.2", "package-json-from-dist": "^1.0.0", "path-scurry": "^2.0.0" }, "bin": "dist/esm/bin.mjs" }, ""],

    "glob-parent": ["glob-parent@6.0.2", "", { "dependencies": { "is-glob": "^4.0.3" } }, ""],

    "globals": ["globals@14.0.0", "", {}, "sha512-oahGvuMGQlPw/ivIYBjVSrWAfWLBeku5tpPE2fOPLi+WHffIWbuh2tCjhyQhTBPMf5E9jDEH4FOmTYgYwbKwtQ=="],

    "got": ["got@13.0.0", "", { "dependencies": { "@sindresorhus/is": "^5.2.0", "@szmarczak/http-timer": "^5.0.1", "cacheable-lookup": "^7.0.0", "cacheable-request": "^10.2.8", "decompress-response": "^6.0.0", "form-data-encoder": "^2.1.2", "get-stream": "^6.0.1", "http2-wrapper": "^2.1.10", "lowercase-keys": "^3.0.0", "p-cancelable": "^3.0.0", "responselike": "^3.0.0" } }, ""],

    "graceful-fs": ["graceful-fs@4.2.11", "", {}, ""],

    "has-flag": ["has-flag@4.0.0", "", {}, ""],

    "http-cache-semantics": ["http-cache-semantics@4.1.1", "", {}, ""],

    "http-errors": ["http-errors@2.0.0", "", { "dependencies": { "depd": "2.0.0", "inherits": "2.0.4", "setprototypeof": "1.2.0", "statuses": "2.0.1", "toidentifier": "1.0.1" } }, ""],

    "http2-wrapper": ["http2-wrapper@2.2.1", "", { "dependencies": { "quick-lru": "^5.1.1", "resolve-alpn": "^1.2.0" } }, ""],

    "human-signals": ["human-signals@2.1.0", "", {}, ""],

    "ieee754": ["ieee754@1.2.1", "", {}, ""],

    "ignore": ["ignore@5.3.2", "", {}, "sha512-hsBTNUqQTDwkWtcdYI2i06Y/nUBEsNEDJKjWdigLvegy8kDuJAS8uRlpkkcQpyEXL0Z/pjDy5HBmMjRCJ2gq+g=="],

    "import-fresh": ["import-fresh@3.3.1", "", { "dependencies": { "parent-module": "^1.0.0", "resolve-from": "^4.0.0" } }, "sha512-TR3KfrTZTYLPB6jUjfx6MF9WcWrHL9su5TObK4ZkYgBdWKPOFoSoQIdEuTuR82pmtxH2spWG9h6etwfr1pLBqQ=="],

    "imurmurhash": ["imurmurhash@0.1.4", "", {}, "sha512-JmXMZ6wuvDmLiHEml9ykzqO6lwFbof0GG4IkcGaENdCRDDmMVnny7s5HsIgHCbaq0w2MyPhDqkhTUgS2LU2PHA=="],

    "inherits": ["inherits@2.0.4", "", {}, ""],

    "inspect-with-kind": ["inspect-with-kind@1.0.5", "", { "dependencies": { "kind-of": "^6.0.2" } }, ""],

    "ipaddr.js": ["ipaddr.js@2.2.0", "", {}, ""],

    "is-binary-path": ["is-binary-path@2.1.0", "", { "dependencies": { "binary-extensions": "^2.0.0" } }, ""],

    "is-extglob": ["is-extglob@2.1.1", "", {}, ""],

    "is-fullwidth-code-point": ["is-fullwidth-code-point@3.0.0", "", {}, ""],

    "is-glob": ["is-glob@4.0.3", "", { "dependencies": { "is-extglob": "^2.1.1" } }, ""],

    "is-number": ["is-number@7.0.0", "", {}, ""],

    "is-plain-obj": ["is-plain-obj@1.1.0", "", {}, ""],

    "is-stream": ["is-stream@2.0.1", "", {}, ""],

    "isarray": ["isarray@1.0.0", "", {}, ""],

    "isexe": ["isexe@2.0.0", "", {}, ""],

    "jackspeak": ["jackspeak@4.1.0", "", { "dependencies": { "@isaacs/cliui": "^8.0.2" } }, ""],

    "js-yaml": ["js-yaml@4.1.0", "", { "dependencies": { "argparse": "^2.0.1" }, "bin": { "js-yaml": "bin/js-yaml.js" } }, "sha512-wpxZs9NoxZaJESJGIZTyDEaYpl0FKSA+FB9aJiyemKhMwkxQg63h4T1KJgUGHpTqPDNRcmmYLugrRjJlBtWvRA=="],

    "json-buffer": ["json-buffer@3.0.1", "", {}, ""],

    "json-schema-ref-resolver": ["json-schema-ref-resolver@2.0.1", "", { "dependencies": { "dequal": "^2.0.3" } }, ""],

    "json-schema-traverse": ["json-schema-traverse@0.4.1", "", {}, "sha512-xbbCH5dCYU5T8LcEhhuh7HJ88HXuW3qsI3Y0zOZFKfZEHcpWiHU/Jxzk629Brsab/mMiHQti9wMP+845RPe3Vg=="],

    "json-stable-stringify-without-jsonify": ["json-stable-stringify-without-jsonify@1.0.1", "", {}, ""],

    "keyv": ["keyv@4.5.4", "", { "dependencies": { "json-buffer": "3.0.1" } }, ""],

    "kind-of": ["kind-of@6.0.3", "", {}, ""],

    "levn": ["levn@0.4.1", "", { "dependencies": { "prelude-ls": "^1.2.1", "type-check": "~0.4.0" } }, "sha512-+bT2uH4E5LGE7h/n3evcS/sQlJXCpIp6ym8OWJ5eV6+67Dsql/LaaT7qJBAt2rzfoa/5QBGBhxDix1dMt2kQKQ=="],

    "light-my-request": ["light-my-request@6.6.0", "", { "dependencies": { "cookie": "^1.0.1", "process-warning": "^4.0.0", "set-cookie-parser": "^2.6.0" } }, ""],

    "locate-path": ["locate-path@6.0.0", "", { "dependencies": { "p-locate": "^5.0.0" } }, "sha512-iPZK6eYjbxRu3uB4/WZ3EsEIMJFMqAoopl3R+zuq0UjcAm/MO6KCweDgPfP3elTztoKP3KtnVHxTn2NHBSDVUw=="],

    "lodash.merge": ["lodash.merge@4.6.2", "", {}, "sha512-0KpjqXRVvrYyCsX1swR/XTK0va6VQkQM6MNo7PqW77ByjAhoARA8EfrP1N4+KlKj8YS0ZUCtRT/YUuhyYDujIQ=="],

    "lowercase-keys": ["lowercase-keys@3.0.0", "", {}, ""],

    "lru-cache": ["lru-cache@11.1.0", "", {}, ""],

    "make-dir": ["make-dir@4.0.0", "", { "dependencies": { "semver": "^7.5.3" } }, ""],

    "merge-stream": ["merge-stream@2.0.0", "", {}, ""],

    "merge2": ["merge2@1.4.1", "", {}, ""],

    "micromatch": ["micromatch@4.0.8", "", { "dependencies": { "braces": "^3.0.3", "picomatch": "^2.3.1" } }, ""],

    "mime": ["mime@3.0.0", "", { "bin": "cli.js" }, ""],

    "mime-db": ["mime-db@1.54.0", "", {}, ""],

    "mimic-fn": ["mimic-fn@2.1.0", "", {}, ""],

    "mimic-response": ["mimic-response@4.0.0", "", {}, ""],

    "minimatch": ["minimatch@9.0.5", "", { "dependencies": { "brace-expansion": "^2.0.1" } }, ""],

    "minipass": ["minipass@7.1.2", "", {}, ""],

    "ms": ["ms@2.1.3", "", {}, ""],

    "natural-compare": ["natural-compare@1.4.0", "", {}, "sha512-OWND8ei3VtNC9h7V60qff3SVobHr996CTwgxubgyQYEpg290h9J0buyECNNJexkFm5sOajh5G116RYA1c8ZMSw=="],

    "normalize-path": ["normalize-path@3.0.0", "", {}, ""],

    "normalize-url": ["normalize-url@8.0.1", "", {}, ""],

    "npm-run-path": ["npm-run-path@4.0.1", "", { "dependencies": { "path-key": "^3.0.0" } }, ""],

    "on-exit-leak-free": ["on-exit-leak-free@2.1.2", "", {}, ""],

    "once": ["once@1.4.0", "", { "dependencies": { "wrappy": "1" } }, ""],

    "onetime": ["onetime@5.1.2", "", { "dependencies": { "mimic-fn": "^2.1.0" } }, ""],

    "optionator": ["optionator@0.9.4", "", { "dependencies": { "deep-is": "^0.1.3", "fast-levenshtein": "^2.0.6", "levn": "^0.4.1", "prelude-ls": "^1.2.1", "type-check": "^0.4.0", "word-wrap": "^1.2.5" } }, "sha512-6IpQ7mKUxRcZNLIObR0hz7lxsapSSIYNZJwXPGeF0mTVqGKFIXj1DQcMoT22S3ROcLyY/rz0PWaWZ9ayWmad9g=="],

    "p-cancelable": ["p-cancelable@3.0.0", "", {}, ""],

    "p-limit": ["p-limit@3.1.0", "", { "dependencies": { "yocto-queue": "^0.1.0" } }, "sha512-TYOanM3wGwNGsZN2cVTYPArw454xnXj5qmWF1bEoAc4+cU/ol7GVh7odevjp1FNHduHc3KZMcFduxU5Xc6uJRQ=="],

    "p-locate": ["p-locate@5.0.0", "", { "dependencies": { "p-limit": "^3.0.2" } }, "sha512-LaNjtRWUBY++zB5nE/NwcaoMylSPk+S+ZHNB1TzdbMJMny6dynpAGt7X/tl/QYq3TIeE6nxHppbo2LGymrG5Pw=="],

    "package-json-from-dist": ["package-json-from-dist@1.0.1", "", {}, ""],

    "parent-module": ["parent-module@1.0.1", "", { "dependencies": { "callsites": "^3.0.0" } }, "sha512-GQ2EWRpQV8/o+Aw8YqtfZZPfNRWZYkbidE9k5rpl/hC3vtHHBfGm2Ifi6qWV+coDGkrUKZAxE3Lot5kcsRlh+g=="],

    "path-exists": ["path-exists@4.0.0", "", {}, "sha512-ak9Qy5Q7jYb2Wwcey5Fpvg2KoAc/ZIhLSLOSBmRmygPsGwkVVt0fZa0qrtMz+m6tJTAHfZQ8FnmB4MG4LWy7/w=="],

    "path-key": ["path-key@3.1.1", "", {}, ""],

    "path-scurry": ["path-scurry@2.0.0", "", { "dependencies": { "lru-cache": "^11.0.0", "minipass": "^7.1.2" } }, ""],

    "peek-readable": ["peek-readable@5.4.2", "", {}, ""],

    "peek-stream": ["peek-stream@1.1.3", "", { "dependencies": { "buffer-from": "^1.0.0", "duplexify": "^3.5.0", "through2": "^2.0.3" } }, ""],

    "pend": ["pend@1.2.0", "", {}, ""],

    "picomatch": ["picomatch@2.3.1", "", {}, ""],

    "pino": ["pino@9.6.0", "", { "dependencies": { "atomic-sleep": "^1.0.0", "fast-redact": "^3.1.1", "on-exit-leak-free": "^2.1.0", "pino-abstract-transport": "^2.0.0", "pino-std-serializers": "^7.0.0", "process-warning": "^4.0.0", "quick-format-unescaped": "^4.0.3", "real-require": "^0.2.0", "safe-stable-stringify": "^2.3.1", "sonic-boom": "^4.0.1", "thread-stream": "^3.0.0" }, "bin": "bin.js" }, ""],

    "pino-abstract-transport": ["pino-abstract-transport@2.0.0", "", { "dependencies": { "split2": "^4.0.0" } }, ""],

    "pino-std-serializers": ["pino-std-serializers@7.0.0", "", {}, ""],

    "piscina": ["piscina@4.9.2", "", { "optionalDependencies": { "@napi-rs/nice": "^1.0.1" } }, ""],

    "prelude-ls": ["prelude-ls@1.2.1", "", {}, "sha512-vkcDPrRZo1QZLbn5RLGPpg/WmIQ65qoWWhcGKf/b5eplkkarX0m9z8ppCat4mlOqUsWpyNuYgO3VRyrYHSzX5g=="],

    "process": ["process@0.11.10", "", {}, ""],

    "process-nextick-args": ["process-nextick-args@2.0.1", "", {}, ""],

    "process-warning": ["process-warning@5.0.0", "", {}, ""],

    "pump": ["pump@3.0.2", "", { "dependencies": { "end-of-stream": "^1.1.0", "once": "^1.3.1" } }, ""],

    "pumpify": ["pumpify@2.0.1", "", { "dependencies": { "duplexify": "^4.1.1", "inherits": "^2.0.3", "pump": "^3.0.0" } }, ""],

    "punycode": ["punycode@2.3.1", "", {}, "sha512-vYt7UD1U9Wg6138shLtLOvdAu+8DsC/ilFtEVHcH+wydcSpNE20AfSOduf6MkRFahL5FY7X1oU7nKVZFtfq8Fg=="],

    "queue-microtask": ["queue-microtask@1.2.3", "", {}, ""],

    "quick-format-unescaped": ["quick-format-unescaped@4.0.4", "", {}, ""],

    "quick-lru": ["quick-lru@5.1.1", "", {}, ""],

    "readable-stream": ["readable-stream@4.7.0", "", { "dependencies": { "abort-controller": "^3.0.0", "buffer": "^6.0.3", "events": "^3.3.0", "process": "^0.11.10", "string_decoder": "^1.3.0" } }, ""],

    "readdirp": ["readdirp@3.6.0", "", { "dependencies": { "picomatch": "^2.2.1" } }, ""],

    "real-require": ["real-require@0.2.0", "", {}, ""],

    "require-from-string": ["require-from-string@2.0.2", "", {}, ""],

    "resolve-alpn": ["resolve-alpn@1.2.1", "", {}, ""],

    "resolve-from": ["resolve-from@4.0.0", "", {}, "sha512-pb/MYmXstAkysRFx8piNI1tGFNQIFA3vkE3Gq4EuA1dF6gHp/+vgZqsCGJapvy8N3Q+4o7FwvquPJcnZ7RYy4g=="],

    "responselike": ["responselike@3.0.0", "", { "dependencies": { "lowercase-keys": "^3.0.0" } }, ""],

    "ret": ["ret@0.5.0", "", {}, ""],

    "reusify": ["reusify@1.1.0", "", {}, ""],

    "rfdc": ["rfdc@1.4.1", "", {}, ""],

    "rimraf": ["rimraf@6.0.1", "", { "dependencies": { "glob": "^11.0.0", "package-json-from-dist": "^1.0.0" }, "bin": "dist/esm/bin.mjs" }, ""],

    "run-parallel": ["run-parallel@1.2.0", "", { "dependencies": { "queue-microtask": "^1.2.2" } }, ""],

    "safe-buffer": ["safe-buffer@5.2.1", "", {}, ""],

    "safe-regex2": ["safe-regex2@5.0.0", "", { "dependencies": { "ret": "~0.5.0" } }, ""],

    "safe-stable-stringify": ["safe-stable-stringify@2.5.0", "", {}, ""],

    "secure-json-parse": ["secure-json-parse@4.0.0", "", {}, ""],

    "seek-bzip": ["seek-bzip@2.0.0", "", { "dependencies": { "commander": "^6.0.0" }, "bin": { "seek-bunzip": "bin/seek-bunzip", "seek-table": "bin/seek-bzip-table" } }, ""],

    "semver": ["semver@7.7.1", "", { "bin": "bin/semver.js" }, ""],

    "semver-regex": ["semver-regex@4.0.5", "", {}, ""],

    "semver-truncate": ["semver-truncate@3.0.0", "", { "dependencies": { "semver": "^7.3.5" } }, ""],

    "set-cookie-parser": ["set-cookie-parser@2.7.1", "", {}, ""],

    "setprototypeof": ["setprototypeof@1.2.0", "", {}, ""],

    "shebang-command": ["shebang-command@2.0.0", "", { "dependencies": { "shebang-regex": "^3.0.0" } }, ""],

    "shebang-regex": ["shebang-regex@3.0.0", "", {}, ""],

    "signal-exit": ["signal-exit@4.1.0", "", {}, ""],

    "slash": ["slash@3.0.0", "", {}, ""],

    "sonic-boom": ["sonic-boom@4.2.0", "", { "dependencies": { "atomic-sleep": "^1.0.0" } }, ""],

    "sort-keys": ["sort-keys@1.1.2", "", { "dependencies": { "is-plain-obj": "^1.0.0" } }, ""],

    "sort-keys-length": ["sort-keys-length@1.0.1", "", { "dependencies": { "sort-keys": "^1.0.0" } }, ""],

    "source-map": ["source-map@0.7.4", "", {}, ""],

    "split2": ["split2@4.2.0", "", {}, ""],

    "statuses": ["statuses@2.0.1", "", {}, ""],

    "stream-shift": ["stream-shift@1.0.3", "", {}, ""],

    "streamx": ["streamx@2.22.0", "", { "dependencies": { "fast-fifo": "^1.3.2", "text-decoder": "^1.1.0" }, "optionalDependencies": { "bare-events": "^2.2.0" } }, ""],

    "string-width": ["string-width@5.1.2", "", { "dependencies": { "eastasianwidth": "^0.2.0", "emoji-regex": "^9.2.2", "strip-ansi": "^7.0.1" } }, ""],

    "string-width-cjs": ["string-width@4.2.3", "", { "dependencies": { "emoji-regex": "^8.0.0", "is-fullwidth-code-point": "^3.0.0", "strip-ansi": "^6.0.1" } }, ""],

    "string_decoder": ["string_decoder@1.3.0", "", { "dependencies": { "safe-buffer": "~5.2.0" } }, ""],

    "strip-ansi": ["strip-ansi@7.1.0", "", { "dependencies": { "ansi-regex": "^6.0.1" } }, ""],

    "strip-ansi-cjs": ["strip-ansi@6.0.1", "", { "dependencies": { "ansi-regex": "^5.0.1" } }, ""],

    "strip-dirs": ["strip-dirs@3.0.0", "", { "dependencies": { "inspect-with-kind": "^1.0.5", "is-plain-obj": "^1.1.0" } }, ""],

    "strip-final-newline": ["strip-final-newline@2.0.0", "", {}, ""],

    "strip-json-comments": ["strip-json-comments@3.1.1", "", {}, "sha512-6fPc+R4ihwqP6N/aIv2f1gMH8lOVtWQHoqC4yK6oSDVVocumAsfCqjkXnqiYMhmMwS/mEHLp7Vehlt3ql6lEig=="],

    "strtok3": ["strtok3@9.1.1", "", { "dependencies": { "@tokenizer/token": "^0.3.0", "peek-readable": "^5.3.1" } }, ""],

    "supports-color": ["supports-color@7.2.0", "", { "dependencies": { "has-flag": "^4.0.0" } }, ""],

    "tar-stream": ["tar-stream@3.1.7", "", { "dependencies": { "b4a": "^1.6.4", "fast-fifo": "^1.2.0", "streamx": "^2.15.0" } }, ""],

    "text-decoder": ["text-decoder@1.2.3", "", { "dependencies": { "b4a": "^1.6.4" } }, ""],

    "thread-stream": ["thread-stream@3.1.0", "", { "dependencies": { "real-require": "^0.2.0" } }, ""],

    "through": ["through@2.3.8", "", {}, ""],

    "through2": ["through2@2.0.5", "", { "dependencies": { "readable-stream": "~2.3.6", "xtend": "~4.0.1" } }, ""],

    "to-regex-range": ["to-regex-range@5.0.1", "", { "dependencies": { "is-number": "^7.0.0" } }, ""],

    "toad-cache": ["toad-cache@3.7.0", "", {}, ""],

    "toidentifier": ["toidentifier@1.0.1", "", {}, ""],

    "token-types": ["token-types@6.0.0", "", { "dependencies": { "@tokenizer/token": "^0.3.0", "ieee754": "^1.2.1" } }, ""],

    "type-check": ["type-check@0.4.0", "", { "dependencies": { "prelude-ls": "^1.2.1" } }, "sha512-XleUoc9uwGXqjWwXaUTZAmzMcFZ5858QA2vvx1Ur5xIcixXIP+8LnFDgRplU30us6teqdlskFfu+ae4K79Ooew=="],

    "typescript": ["typescript@5.8.3", "", { "bin": { "tsc": "bin/tsc", "tsserver": "bin/tsserver" } }, ""],

    "uint8array-extras": ["uint8array-extras@1.4.0", "", {}, ""],

    "unbzip2-stream": ["unbzip2-stream@1.4.3", "", { "dependencies": { "buffer": "^5.2.1", "through": "^2.3.8" } }, ""],

    "undici-types": ["undici-types@6.21.0", "", {}, "sha512-iwDZqg0QAGrg9Rav5H4n0M64c3mkR59cJ6wQp+7C4nI0gsmExaedaYLNO44eT4AtBBwjbTiGPMlt2Md0T9H9JQ=="],

    "uri-js": ["uri-js@4.4.1", "", { "dependencies": { "punycode": "^2.1.0" } }, "sha512-7rKUyy33Q1yc98pQ1DAmLtwX109F7TIfWlW1Ydo8Wl1ii1SeHieeh0HHfPeL2fMXK6z0s8ecKs9frCuLJvndBg=="],

    "util-deprecate": ["util-deprecate@1.0.2", "", {}, ""],

    "which": ["which@2.0.2", "", { "dependencies": { "isexe": "^2.0.0" }, "bin": { "node-which": "bin/node-which" } }, ""],

    "word-wrap": ["word-wrap@1.2.5", "", {}, "sha512-BN22B5eaMMI9UMtjrGd5g5eCYPpCPDUy0FJXbYsaT5zYxjFOckS53SQDE3pWkVoWpHXVb3BrYcEN4Twa55B5cA=="],

    "wrap-ansi": ["wrap-ansi@8.1.0", "", { "dependencies": { "ansi-styles": "^6.1.0", "string-width": "^5.0.1", "strip-ansi": "^7.0.1" } }, ""],

    "wrap-ansi-cjs": ["wrap-ansi@7.0.0", "", { "dependencies": { "ansi-styles": "^4.0.0", "string-width": "^4.1.0", "strip-ansi": "^6.0.0" } }, ""],

    "wrappy": ["wrappy@1.0.2", "", {}, ""],

    "xtend": ["xtend@4.0.2", "", {}, ""],

    "yauzl": ["yauzl@3.2.0", "", { "dependencies": { "buffer-crc32": "~0.2.3", "pend": "~1.2.0" } }, ""],

    "yocto-queue": ["yocto-queue@0.1.0", "", {}, "sha512-rVksvsnNCdJ/ohGc6xgPwyN8eheCxsiLM8mxuE/t/mOVqJewPuO1miLpTHQiRgTKCLexL4MeAFVagts7HmNZ2Q=="],

    "@eslint-community/eslint-utils/eslint-visitor-keys": ["eslint-visitor-keys@3.4.3", "", {}, "sha512-wpc+LXeiyiisxPlEkUzU6svyS1frIO3Mgxj1fdy7Pm8Ygzguax2N3Fa/D/ag1WqbOprdI+uY6wMUl8/a2G+iag=="],

    "@eslint/config-array/minimatch": ["minimatch@3.1.2", "", { "dependencies": { "brace-expansion": "^1.1.7" } }, ""],

    "@eslint/eslintrc/minimatch": ["minimatch@3.1.2", "", { "dependencies": { "brace-expansion": "^1.1.7" } }, ""],

    "@fastify/ajv-compiler/ajv": ["ajv@8.17.1", "", { "dependencies": { "fast-deep-equal": "^3.1.3", "fast-uri": "^3.0.1", "json-schema-traverse": "^1.0.0", "require-from-string": "^2.0.2" } }, ""],

    "@humanfs/node/@humanwhocodes/retry": ["@humanwhocodes/retry@0.3.1", "", {}, "sha512-JBxkERygn7Bv/GbN5Rv8Ul6LVknS+5Bp6RgDC/O8gEBU/yeH5Ui5C/OlWrTb6qct7LjjfT6Re2NxB0ln0yYybA=="],

    "ajv-formats/ajv": ["ajv@8.17.1", "", { "dependencies": { "fast-deep-equal": "^3.1.3", "fast-uri": "^3.0.1", "json-schema-traverse": "^1.0.0", "require-from-string": "^2.0.2" } }, ""],

    "chokidar/glob-parent": ["glob-parent@5.1.2", "", { "dependencies": { "is-glob": "^4.0.1" } }, ""],

    "decompress-response/mimic-response": ["mimic-response@3.1.0", "", {}, ""],

    "duplexify/readable-stream": ["readable-stream@2.3.8", "", { "dependencies": { "core-util-is": "~1.0.0", "inherits": "~2.0.3", "isarray": "~1.0.0", "process-nextick-args": "~2.0.0", "safe-buffer": "~5.1.1", "string_decoder": "~1.1.1", "util-deprecate": "~1.0.1" } }, ""],

    "eslint/minimatch": ["minimatch@3.1.2", "", { "dependencies": { "brace-expansion": "^1.1.7" } }, ""],

    "execa/signal-exit": ["signal-exit@3.0.7", "", {}, ""],

    "fast-glob/glob-parent": ["glob-parent@5.1.2", "", { "dependencies": { "is-glob": "^4.0.1" } }, ""],

    "fast-json-stringify/ajv": ["ajv@8.17.1", "", { "dependencies": { "fast-deep-equal": "^3.1.3", "fast-uri": "^3.0.1", "json-schema-traverse": "^1.0.0", "require-from-string": "^2.0.2" } }, ""],

    "file-type/get-stream": ["get-stream@9.0.1", "", { "dependencies": { "@sec-ant/readable-stream": "^0.4.1", "is-stream": "^4.0.1" } }, ""],

    "glob/minimatch": ["minimatch@10.0.1", "", { "dependencies": { "brace-expansion": "^2.0.1" } }, ""],

    "light-my-request/process-warning": ["process-warning@4.0.1", "", {}, ""],

    "pino/process-warning": ["process-warning@4.0.1", "", {}, ""],

    "pumpify/duplexify": ["duplexify@4.1.3", "", { "dependencies": { "end-of-stream": "^1.4.1", "inherits": "^2.0.3", "readable-stream": "^3.1.1", "stream-shift": "^1.0.2" } }, ""],

    "seek-bzip/commander": ["commander@6.2.1", "", {}, ""],

    "string-width-cjs/emoji-regex": ["emoji-regex@8.0.0", "", {}, ""],

    "string-width-cjs/strip-ansi": ["strip-ansi@6.0.1", "", { "dependencies": { "ansi-regex": "^5.0.1" } }, ""],

    "strip-ansi-cjs/ansi-regex": ["ansi-regex@5.0.1", "", {}, ""],

    "through2/readable-stream": ["readable-stream@2.3.8", "", { "dependencies": { "core-util-is": "~1.0.0", "inherits": "~2.0.3", "isarray": "~1.0.0", "process-nextick-args": "~2.0.0", "safe-buffer": "~5.1.1", "string_decoder": "~1.1.1", "util-deprecate": "~1.0.1" } }, ""],

    "unbzip2-stream/buffer": ["buffer@5.7.1", "", { "dependencies": { "base64-js": "^1.3.1", "ieee754": "^1.1.13" } }, ""],

    "wrap-ansi/ansi-styles": ["ansi-styles@6.2.1", "", {}, ""],

    "wrap-ansi-cjs/string-width": ["string-width@4.2.3", "", { "dependencies": { "emoji-regex": "^8.0.0", "is-fullwidth-code-point": "^3.0.0", "strip-ansi": "^6.0.1" } }, ""],

    "wrap-ansi-cjs/strip-ansi": ["strip-ansi@6.0.1", "", { "dependencies": { "ansi-regex": "^5.0.1" } }, ""],

    "@eslint/config-array/minimatch/brace-expansion": ["brace-expansion@1.1.11", "", { "dependencies": { "balanced-match": "^1.0.0", "concat-map": "0.0.1" } }, ""],

    "@eslint/eslintrc/minimatch/brace-expansion": ["brace-expansion@1.1.11", "", { "dependencies": { "balanced-match": "^1.0.0", "concat-map": "0.0.1" } }, ""],

    "@fastify/ajv-compiler/ajv/json-schema-traverse": ["json-schema-traverse@1.0.0", "", {}, ""],

    "ajv-formats/ajv/json-schema-traverse": ["json-schema-traverse@1.0.0", "", {}, ""],

    "duplexify/readable-stream/safe-buffer": ["safe-buffer@5.1.2", "", {}, ""],

    "duplexify/readable-stream/string_decoder": ["string_decoder@1.1.1", "", { "dependencies": { "safe-buffer": "~5.1.0" } }, ""],

    "eslint/minimatch/brace-expansion": ["brace-expansion@1.1.11", "", { "dependencies": { "balanced-match": "^1.0.0", "concat-map": "0.0.1" } }, ""],

    "fast-json-stringify/ajv/json-schema-traverse": ["json-schema-traverse@1.0.0", "", {}, ""],

    "file-type/get-stream/is-stream": ["is-stream@4.0.1", "", {}, ""],

    "pumpify/duplexify/readable-stream": ["readable-stream@3.6.2", "", { "dependencies": { "inherits": "^2.0.3", "string_decoder": "^1.1.1", "util-deprecate": "^1.0.1" } }, ""],

    "string-width-cjs/strip-ansi/ansi-regex": ["ansi-regex@5.0.1", "", {}, ""],

    "through2/readable-stream/safe-buffer": ["safe-buffer@5.1.2", "", {}, ""],

    "through2/readable-stream/string_decoder": ["string_decoder@1.1.1", "", { "dependencies": { "safe-buffer": "~5.1.0" } }, ""],

    "wrap-ansi-cjs/string-width/emoji-regex": ["emoji-regex@8.0.0", "", {}, ""],

    "wrap-ansi-cjs/strip-ansi/ansi-regex": ["ansi-regex@5.0.1", "", {}, ""],
  }
}
